// !$*UTF8*$!
{
	archiveVersion = 1;
	classes = {
	};
	objectVersion = 56;
	objects = {

/* Begin PBXBuildFile section */
		1823EB7F297B307000EC9426 /* Deck.swift in Sources */ = {isa = PBXBuildFile; fileRef = 1823EB7E297B307000EC9426 /* Deck.swift */; };
		18BF7260297AC0DF007800EA /* AppDelegate.swift in Sources */ = {isa = PBXBuildFile; fileRef = 18BF725F297AC0DF007800EA /* AppDelegate.swift */; };
		18BF7262297AC0DF007800EA /* SceneDelegate.swift in Sources */ = {isa = PBXBuildFile; fileRef = 18BF7261297AC0DF007800EA /* SceneDelegate.swift */; };
		18BF7267297AC0DF007800EA /* Main.storyboard in Resources */ = {isa = PBXBuildFile; fileRef = 18BF7265297AC0DF007800EA /* Main.storyboard */; };
		18BF7269297AC0E0007800EA /* Assets.xcassets in Resources */ = {isa = PBXBuildFile; fileRef = 18BF7268297AC0E0007800EA /* Assets.xcassets */; };
		18BF726C297AC0E0007800EA /* LaunchScreen.storyboard in Resources */ = {isa = PBXBuildFile; fileRef = 18BF726A297AC0E0007800EA /* LaunchScreen.storyboard */; };
		18BF7277297AC0E0007800EA /* CardWorkoutAppTests.swift in Sources */ = {isa = PBXBuildFile; fileRef = 18BF7276297AC0E0007800EA /* CardWorkoutAppTests.swift */; };
		18BF7281297AC0E0007800EA /* CardWorkoutAppUITests.swift in Sources */ = {isa = PBXBuildFile; fileRef = 18BF7280297AC0E0007800EA /* CardWorkoutAppUITests.swift */; };
		18BF7283297AC0E0007800EA /* CardWorkoutAppUITestsLaunchTests.swift in Sources */ = {isa = PBXBuildFile; fileRef = 18BF7282297AC0E0007800EA /* CardWorkoutAppUITestsLaunchTests.swift */; };
		18BF7290297AC118007800EA /* CardSelectionVC.swift in Sources */ = {isa = PBXBuildFile; fileRef = 18BF728F297AC118007800EA /* CardSelectionVC.swift */; };
/* End PBXBuildFile section */

/* Begin PBXContainerItemProxy section */
		18BF7273297AC0E0007800EA /* PBXContainerItemProxy */ = {
			isa = PBXContainerItemProxy;
			containerPortal = 18BF7254297AC0DF007800EA /* Project object */;
			proxyType = 1;
			remoteGlobalIDString = 18BF725B297AC0DF007800EA;
			remoteInfo = CardWorkoutApp;
		};
		18BF727D297AC0E0007800EA /* PBXContainerItemProxy */ = {
			isa = PBXContainerItemProxy;
			containerPortal = 18BF7254297AC0DF007800EA /* Project object */;
			proxyType = 1;
			remoteGlobalIDString = 18BF725B297AC0DF007800EA;
			remoteInfo = CardWorkoutApp;
		};
/* End PBXContainerItemProxy section */

/* Begin PBXFileReference section */
		1823EB7E297B307000EC9426 /* Deck.swift */ = {isa = PBXFileReference; lastKnownFileType = sourcecode.swift; path = Deck.swift; sourceTree = "<group>"; };
		18BF725C297AC0DF007800EA /* CardWorkoutApp.app */ = {isa = PBXFileReference; explicitFileType = wrapper.application; includeInIndex = 0; path = CardWorkoutApp.app; sourceTree = BUILT_PRODUCTS_DIR; };
		18BF725F297AC0DF007800EA /* AppDelegate.swift */ = {isa = PBXFileReference; lastKnownFileType = sourcecode.swift; path = AppDelegate.swift; sourceTree = "<group>"; };
		18BF7261297AC0DF007800EA /* SceneDelegate.swift */ = {isa = PBXFileReference; lastKnownFileType = sourcecode.swift; path = SceneDelegate.swift; sourceTree = "<group>"; };
		18BF7266297AC0DF007800EA /* Base */ = {isa = PBXFileReference; lastKnownFileType = file.storyboard; name = Base; path = Base.lproj/Main.storyboard; sourceTree = "<group>"; };
		18BF7268297AC0E0007800EA /* Assets.xcassets */ = {isa = PBXFileReference; lastKnownFileType = folder.assetcatalog; path = Assets.xcassets; sourceTree = "<group>"; };
		18BF726B297AC0E0007800EA /* Base */ = {isa = PBXFileReference; lastKnownFileType = file.storyboard; name = Base; path = Base.lproj/LaunchScreen.storyboard; sourceTree = "<group>"; };
		18BF726D297AC0E0007800EA /* Info.plist */ = {isa = PBXFileReference; lastKnownFileType = text.plist.xml; path = Info.plist; sourceTree = "<group>"; };
		18BF7272297AC0E0007800EA /* CardWorkoutAppTests.xctest */ = {isa = PBXFileReference; explicitFileType = wrapper.cfbundle; includeInIndex = 0; path = CardWorkoutAppTests.xctest; sourceTree = BUILT_PRODUCTS_DIR; };
		18BF7276297AC0E0007800EA /* CardWorkoutAppTests.swift */ = {isa = PBXFileReference; lastKnownFileType = sourcecode.swift; path = CardWorkoutAppTests.swift; sourceTree = "<group>"; };
		18BF727C297AC0E0007800EA /* CardWorkoutAppUITests.xctest */ = {isa = PBXFileReference; explicitFileType = wrapper.cfbundle; includeInIndex = 0; path = CardWorkoutAppUITests.xctest; sourceTree = BUILT_PRODUCTS_DIR; };
		18BF7280297AC0E0007800EA /* CardWorkoutAppUITests.swift */ = {isa = PBXFileReference; lastKnownFileType = sourcecode.swift; path = CardWorkoutAppUITests.swift; sourceTree = "<group>"; };
		18BF7282297AC0E0007800EA /* CardWorkoutAppUITestsLaunchTests.swift */ = {isa = PBXFileReference; lastKnownFileType = sourcecode.swift; path = CardWorkoutAppUITestsLaunchTests.swift; sourceTree = "<group>"; };
		18BF728F297AC118007800EA /* CardSelectionVC.swift */ = {isa = PBXFileReference; lastKnownFileType = sourcecode.swift; path = CardSelectionVC.swift; sourceTree = "<group>"; };
/* End PBXFileReference section */

/* Begin PBXFrameworksBuildPhase section */
		18BF7259297AC0DF007800EA /* Frameworks */ = {
			isa = PBXFrameworksBuildPhase;
			buildActionMask = 2147483647;
			files = (
			);
			runOnlyForDeploymentPostprocessing = 0;
		};
		18BF726F297AC0E0007800EA /* Frameworks */ = {
			isa = PBXFrameworksBuildPhase;
			buildActionMask = 2147483647;
			files = (
			);
			runOnlyForDeploymentPostprocessing = 0;
		};
		18BF7279297AC0E0007800EA /* Frameworks */ = {
			isa = PBXFrameworksBuildPhase;
			buildActionMask = 2147483647;
			files = (
			);
			runOnlyForDeploymentPostprocessing = 0;
		};
/* End PBXFrameworksBuildPhase section */

/* Begin PBXGroup section */
		18BF7253297AC0DF007800EA = {
			isa = PBXGroup;
			children = (
				18BF725E297AC0DF007800EA /* CardWorkoutApp */,
				18BF7275297AC0E0007800EA /* CardWorkoutAppTests */,
				18BF727F297AC0E0007800EA /* CardWorkoutAppUITests */,
				18BF725D297AC0DF007800EA /* Products */,
			);
			sourceTree = "<group>";
		};
		18BF725D297AC0DF007800EA /* Products */ = {
			isa = PBXGroup;
			children = (
				18BF725C297AC0DF007800EA /* CardWorkoutApp.app */,
				18BF7272297AC0E0007800EA /* CardWorkoutAppTests.xctest */,
				18BF727C297AC0E0007800EA /* CardWorkoutAppUITests.xctest */,
			);
			name = Products;
			sourceTree = "<group>";
		};
		18BF725E297AC0DF007800EA /* CardWorkoutApp */ = {
			isa = PBXGroup;
			children = (
				18BF725F297AC0DF007800EA /* AppDelegate.swift */,
				18BF7261297AC0DF007800EA /* SceneDelegate.swift */,
				18BF728F297AC118007800EA /* CardSelectionVC.swift */,
				1823EB7E297B307000EC9426 /* Deck.swift */,
				18BF7265297AC0DF007800EA /* Main.storyboard */,
				18BF7268297AC0E0007800EA /* Assets.xcassets */,
				18BF726A297AC0E0007800EA /* LaunchScreen.storyboard */,
				18BF726D297AC0E0007800EA /* Info.plist */,
			);
			path = CardWorkoutApp;
			sourceTree = "<group>";
		};
		18BF7275297AC0E0007800EA /* CardWorkoutAppTests */ = {
			isa = PBXGroup;
			children = (
				18BF7276297AC0E0007800EA /* CardWorkoutAppTests.swift */,
			);
			path = CardWorkoutAppTests;
			sourceTree = "<group>";
		};
		18BF727F297AC0E0007800EA /* CardWorkoutAppUITests */ = {
			isa = PBXGroup;
			children = (
				18BF7280297AC0E0007800EA /* CardWorkoutAppUITests.swift */,
				18BF7282297AC0E0007800EA /* CardWorkoutAppUITestsLaunchTests.swift */,
			);
			path = CardWorkoutAppUITests;
			sourceTree = "<group>";
		};
/* End PBXGroup section */

/* Begin PBXNativeTarget section */
		18BF725B297AC0DF007800EA /* CardWorkoutApp */ = {
			isa = PBXNativeTarget;
			buildConfigurationList = 18BF7286297AC0E0007800EA /* Build configuration list for PBXNativeTarget "CardWorkoutApp" */;
			buildPhases = (
				18BF7258297AC0DF007800EA /* Sources */,
				18BF7259297AC0DF007800EA /* Frameworks */,
				18BF725A297AC0DF007800EA /* Resources */,
			);
			buildRules = (
			);
			dependencies = (
			);
			name = CardWorkoutApp;
			productName = CardWorkoutApp;
			productReference = 18BF725C297AC0DF007800EA /* CardWorkoutApp.app */;
			productType = "com.apple.product-type.application";
		};
		18BF7271297AC0E0007800EA /* CardWorkoutAppTests */ = {
			isa = PBXNativeTarget;
			buildConfigurationList = 18BF7289297AC0E0007800EA /* Build configuration list for PBXNativeTarget "CardWorkoutAppTests" */;
			buildPhases = (
				18BF726E297AC0E0007800EA /* Sources */,
				18BF726F297AC0E0007800EA /* Frameworks */,
				18BF7270297AC0E0007800EA /* Resources */,
			);
			buildRules = (
			);
			dependencies = (
				18BF7274297AC0E0007800EA /* PBXTargetDependency */,
			);
			name = CardWorkoutAppTests;
			productName = CardWorkoutAppTests;
			productReference = 18BF7272297AC0E0007800EA /* CardWorkoutAppTests.xctest */;
			productType = "com.apple.product-type.bundle.unit-test";
		};
		18BF727B297AC0E0007800EA /* CardWorkoutAppUITests */ = {
			isa = PBXNativeTarget;
			buildConfigurationList = 18BF728C297AC0E0007800EA /* Build configuration list for PBXNativeTarget "CardWorkoutAppUITests" */;
			buildPhases = (
				18BF7278297AC0E0007800EA /* Sources */,
				18BF7279297AC0E0007800EA /* Frameworks */,
				18BF727A297AC0E0007800EA /* Resources */,
			);
			buildRules = (
			);
			dependencies = (
				18BF727E297AC0E0007800EA /* PBXTargetDependency */,
			);
			name = CardWorkoutAppUITests;
			productName = CardWorkoutAppUITests;
			productReference = 18BF727C297AC0E0007800EA /* CardWorkoutAppUITests.xctest */;
			productType = "com.apple.product-type.bundle.ui-testing";
		};
/* End PBXNativeTarget section */

/* Begin PBXProject section */
		18BF7254297AC0DF007800EA /* Project object */ = {
			isa = PBXProject;
			attributes = {
				BuildIndependentTargetsInParallel = 1;
				LastSwiftUpdateCheck = 1410;
				LastUpgradeCheck = 1410;
				TargetAttributes = {
					18BF725B297AC0DF007800EA = {
						CreatedOnToolsVersion = 14.1;
					};
					18BF7271297AC0E0007800EA = {
						CreatedOnToolsVersion = 14.1;
						TestTargetID = 18BF725B297AC0DF007800EA;
					};
					18BF727B297AC0E0007800EA = {
						CreatedOnToolsVersion = 14.1;
						TestTargetID = 18BF725B297AC0DF007800EA;
					};
				};
			};
			buildConfigurationList = 18BF7257297AC0DF007800EA /* Build configuration list for PBXProject "CardWorkoutApp" */;
			compatibilityVersion = "Xcode 14.0";
			developmentRegion = en;
			hasScannedForEncodings = 0;
			knownRegions = (
				en,
				Base,
			);
			mainGroup = 18BF7253297AC0DF007800EA;
			productRefGroup = 18BF725D297AC0DF007800EA /* Products */;
			projectDirPath = "";
			projectRoot = "";
			targets = (
				18BF725B297AC0DF007800EA /* CardWorkoutApp */,
				18BF7271297AC0E0007800EA /* CardWorkoutAppTests */,
				18BF727B297AC0E0007800EA /* CardWorkoutAppUITests */,
			);
		};
/* End PBXProject section */

/* Begin PBXResourcesBuildPhase section */
		18BF725A297AC0DF007800EA /* Resources */ = {
			isa = PBXResourcesBuildPhase;
			buildActionMask = 2147483647;
			files = (
				18BF726C297AC0E0007800EA /* LaunchScreen.storyboard in Resources */,
				18BF7269297AC0E0007800EA /* Assets.xcassets in Resources */,
				18BF7267297AC0DF007800EA /* Main.storyboard in Resources */,
			);
			runOnlyForDeploymentPostprocessing = 0;
		};
		18BF7270297AC0E0007800EA /* Resources */ = {
			isa = PBXResourcesBuildPhase;
			buildActionMask = 2147483647;
			files = (
			);
			runOnlyForDeploymentPostprocessing = 0;
		};
		18BF727A297AC0E0007800EA /* Resources */ = {
			isa = PBXResourcesBuildPhase;
			buildActionMask = 2147483647;
			files = (
			);
			runOnlyForDeploymentPostprocessing = 0;
		};
/* End PBXResourcesBuildPhase section */

/* Begin PBXSourcesBuildPhase section */
		18BF7258297AC0DF007800EA /* Sources */ = {
			isa = PBXSourcesBuildPhase;
			buildActionMask = 2147483647;
			files = (
				1823EB7F297B307000EC9426 /* Deck.swift in Sources */,
				18BF7260297AC0DF007800EA /* AppDelegate.swift in Sources */,
				18BF7262297AC0DF007800EA /* SceneDelegate.swift in Sources */,
				18BF7290297AC118007800EA /* CardSelectionVC.swift in Sources */,
			);
			runOnlyForDeploymentPostprocessing = 0;
		};
		18BF726E297AC0E0007800EA /* Sources */ = {
			isa = PBXSourcesBuildPhase;
			buildActionMask = 2147483647;
			files = (
				18BF7277297AC0E0007800EA /* CardWorkoutAppTests.swift in Sources */,
			);
			runOnlyForDeploymentPostprocessing = 0;
		};
		18BF7278297AC0E0007800EA /* Sources */ = {
			isa = PBXSourcesBuildPhase;
			buildActionMask = 2147483647;
			files = (
				18BF7283297AC0E0007800EA /* CardWorkoutAppUITestsLaunchTests.swift in Sources */,
				18BF7281297AC0E0007800EA /* CardWorkoutAppUITests.swift in Sources */,
			);
			runOnlyForDeploymentPostprocessing = 0;
		};
/* End PBXSourcesBuildPhase section */

/* Begin PBXTargetDependency section */
		18BF7274297AC0E0007800EA /* PBXTargetDependency */ = {
			isa = PBXTargetDependency;
			target = 18BF725B297AC0DF007800EA /* CardWorkoutApp */;
			targetProxy = 18BF7273297AC0E0007800EA /* PBXContainerItemProxy */;
		};
		18BF727E297AC0E0007800EA /* PBXTargetDependency */ = {
			isa = PBXTargetDependency;
			target = 18BF725B297AC0DF007800EA /* CardWorkoutApp */;
			targetProxy = 18BF727D297AC0E0007800EA /* PBXContainerItemProxy */;
		};
/* End PBXTargetDependency section */

/* Begin PBXVariantGroup section */
		18BF7265297AC0DF007800EA /* Main.storyboard */ = {
			isa = PBXVariantGroup;
			children = (
				18BF7266297AC0DF007800EA /* Base */,
			);
			name = Main.storyboard;
			sourceTree = "<group>";
		};
		18BF726A297AC0E0007800EA /* LaunchScreen.storyboard */ = {
			isa = PBXVariantGroup;
			children = (
				18BF726B297AC0E0007800EA /* Base */,
			);
			name = LaunchScreen.storyboard;
			sourceTree = "<group>";
		};
/* End PBXVariantGroup section */

/* Begin XCBuildConfiguration section */
		18BF7284297AC0E0007800EA /* Debug */ = {
			isa = XCBuildConfiguration;
			buildSettings = {
				ALWAYS_SEARCH_USER_PATHS = NO;
				CLANG_ANALYZER_NONNULL = YES;
				CLANG_ANALYZER_NUMBER_OBJECT_CONVERSION = YES_AGGRESSIVE;
				CLANG_CXX_LANGUAGE_STANDARD = "gnu++20";
				CLANG_ENABLE_MODULES = YES;
				CLANG_ENABLE_OBJC_ARC = YES;
				CLANG_ENABLE_OBJC_WEAK = YES;
				CLANG_WARN_BLOCK_CAPTURE_AUTORELEASING = YES;
				CLANG_WARN_BOOL_CONVERSION = YES;
				CLANG_WARN_COMMA = YES;
				CLANG_WARN_CONSTANT_CONVERSION = YES;
				CLANG_WARN_DEPRECATED_OBJC_IMPLEMENTATIONS = YES;
				CLANG_WARN_DIRECT_OBJC_ISA_USAGE = YES_ERROR;
				CLANG_WARN_DOCUMENTATION_COMMENTS = YES;
				CLANG_WARN_EMPTY_BODY = YES;
				CLANG_WARN_ENUM_CONVERSION = YES;
				CLANG_WARN_INFINITE_RECURSION = YES;
				CLANG_WARN_INT_CONVERSION = YES;
				CLANG_WARN_NON_LITERAL_NULL_CONVERSION = YES;
				CLANG_WARN_OBJC_IMPLICIT_RETAIN_SELF = YES;
				CLANG_WARN_OBJC_LITERAL_CONVERSION = YES;
				CLANG_WARN_OBJC_ROOT_CLASS = YES_ERROR;
				CLANG_WARN_QUOTED_INCLUDE_IN_FRAMEWORK_HEADER = YES;
				CLANG_WARN_RANGE_LOOP_ANALYSIS = YES;
				CLANG_WARN_STRICT_PROTOTYPES = YES;
				CLANG_WARN_SUSPICIOUS_MOVE = YES;
				CLANG_WARN_UNGUARDED_AVAILABILITY = YES_AGGRESSIVE;
				CLANG_WARN_UNREACHABLE_CODE = YES;
				CLANG_WARN__DUPLICATE_METHOD_MATCH = YES;
				COPY_PHASE_STRIP = NO;
				DEBUG_INFORMATION_FORMAT = dwarf;
				ENABLE_STRICT_OBJC_MSGSEND = YES;
				ENABLE_TESTABILITY = YES;
				GCC_C_LANGUAGE_STANDARD = gnu11;
				GCC_DYNAMIC_NO_PIC = NO;
				GCC_NO_COMMON_BLOCKS = YES;
				GCC_OPTIMIZATION_LEVEL = 0;
				GCC_PREPROCESSOR_DEFINITIONS = (
					"DEBUG=1",
					"$(inherited)",
				);
				GCC_WARN_64_TO_32_BIT_CONVERSION = YES;
				GCC_WARN_ABOUT_RETURN_TYPE = YES_ERROR;
				GCC_WARN_UNDECLARED_SELECTOR = YES;
				GCC_WARN_UNINITIALIZED_AUTOS = YES_AGGRESSIVE;
				GCC_WARN_UNUSED_FUNCTION = YES;
				GCC_WARN_UNUSED_VARIABLE = YES;
				IPHONEOS_DEPLOYMENT_TARGET = 16.1;
				MTL_ENABLE_DEBUG_INFO = INCLUDE_SOURCE;
				MTL_FAST_MATH = YES;
				ONLY_ACTIVE_ARCH = YES;
				SDKROOT = iphoneos;
				SWIFT_ACTIVE_COMPILATION_CONDITIONS = DEBUG;
				SWIFT_OPTIMIZATION_LEVEL = "-Onone";
			};
			name = Debug;
		};
		18BF7285297AC0E0007800EA /* Release */ = {
			isa = XCBuildConfiguration;
			buildSettings = {
				ALWAYS_SEARCH_USER_PATHS = NO;
				CLANG_ANALYZER_NONNULL = YES;
				CLANG_ANALYZER_NUMBER_OBJECT_CONVERSION = YES_AGGRESSIVE;
				CLANG_CXX_LANGUAGE_STANDARD = "gnu++20";
				CLANG_ENABLE_MODULES = YES;
				CLANG_ENABLE_OBJC_ARC = YES;
				CLANG_ENABLE_OBJC_WEAK = YES;
				CLANG_WARN_BLOCK_CAPTURE_AUTORELEASING = YES;
				CLANG_WARN_BOOL_CONVERSION = YES;
				CLANG_WARN_COMMA = YES;
				CLANG_WARN_CONSTANT_CONVERSION = YES;
				CLANG_WARN_DEPRECATED_OBJC_IMPLEMENTATIONS = YES;
				CLANG_WARN_DIRECT_OBJC_ISA_USAGE = YES_ERROR;
				CLANG_WARN_DOCUMENTATION_COMMENTS = YES;
				CLANG_WARN_EMPTY_BODY = YES;
				CLANG_WARN_ENUM_CONVERSION = YES;
				CLANG_WARN_INFINITE_RECURSION = YES;
				CLANG_WARN_INT_CONVERSION = YES;
				CLANG_WARN_NON_LITERAL_NULL_CONVERSION = YES;
				CLANG_WARN_OBJC_IMPLICIT_RETAIN_SELF = YES;
				CLANG_WARN_OBJC_LITERAL_CONVERSION = YES;
				CLANG_WARN_OBJC_ROOT_CLASS = YES_ERROR;
				CLANG_WARN_QUOTED_INCLUDE_IN_FRAMEWORK_HEADER = YES;
				CLANG_WARN_RANGE_LOOP_ANALYSIS = YES;
				CLANG_WARN_STRICT_PROTOTYPES = YES;
				CLANG_WARN_SUSPICIOUS_MOVE = YES;
				CLANG_WARN_UNGUARDED_AVAILABILITY = YES_AGGRESSIVE;
				CLANG_WARN_UNREACHABLE_CODE = YES;
				CLANG_WARN__DUPLICATE_METHOD_MATCH = YES;
				COPY_PHASE_STRIP = NO;
				DEBUG_INFORMATION_FORMAT = "dwarf-with-dsym";
				ENABLE_NS_ASSERTIONS = NO;
				ENABLE_STRICT_OBJC_MSGSEND = YES;
				GCC_C_LANGUAGE_STANDARD = gnu11;
				GCC_NO_COMMON_BLOCKS = YES;
				GCC_WARN_64_TO_32_BIT_CONVERSION = YES;
				GCC_WARN_ABOUT_RETURN_TYPE = YES_ERROR;
				GCC_WARN_UNDECLARED_SELECTOR = YES;
				GCC_WARN_UNINITIALIZED_AUTOS = YES_AGGRESSIVE;
				GCC_WARN_UNUSED_FUNCTION = YES;
				GCC_WARN_UNUSED_VARIABLE = YES;
				IPHONEOS_DEPLOYMENT_TARGET = 16.1;
				MTL_ENABLE_DEBUG_INFO = NO;
				MTL_FAST_MATH = YES;
				SDKROOT = iphoneos;
				SWIFT_COMPILATION_MODE = wholemodule;
				SWIFT_OPTIMIZATION_LEVEL = "-O";
				VALIDATE_PRODUCT = YES;
			};
			name = Release;
		};
		18BF7287297AC0E0007800EA /* Debug */ = {
			isa = XCBuildConfiguration;
			buildSettings = {
				ASSETCATALOG_COMPILER_APPICON_NAME = AppIcon;
				ASSETCATALOG_COMPILER_GLOBAL_ACCENT_COLOR_NAME = AccentColor;
				CODE_SIGN_STYLE = Automatic;
				CURRENT_PROJECT_VERSION = 1;
				GENERATE_INFOPLIST_FILE = YES;
				INFOPLIST_FILE = CardWorkoutApp/Info.plist;
				INFOPLIST_KEY_UIApplicationSupportsIndirectInputEvents = YES;
				INFOPLIST_KEY_UILaunchStoryboardName = LaunchScreen;
				INFOPLIST_KEY_UIMainStoryboardFile = Main;
				INFOPLIST_KEY_UISupportedInterfaceOrientations_iPad = "UIInterfaceOrientationPortrait UIInterfaceOrientationPortraitUpsideDown UIInterfaceOrientationLandscapeLeft UIInterfaceOrientationLandscapeRight";
				INFOPLIST_KEY_UISupportedInterfaceOrientations_iPhone = "UIInterfaceOrientationPortrait UIInterfaceOrientationLandscapeLeft UIInterfaceOrientationLandscapeRight";
				LD_RUNPATH_SEARCH_PATHS = (
					"$(inherited)",
					"@executable_path/Frameworks",
				);
				MARKETING_VERSION = 1.0;
				PRODUCT_BUNDLE_IDENTIFIER = com.mycompany.CardWorkoutApp;
				PRODUCT_NAME = "$(TARGET_NAME)";
				SWIFT_EMIT_LOC_STRINGS = YES;
				SWIFT_VERSION = 5.0;
				TARGETED_DEVICE_FAMILY = "1,2";
			};
			name = Debug;
		};
		18BF7288297AC0E0007800EA /* Release */ = {
			isa = XCBuildConfiguration;
			buildSettings = {
				ASSETCATALOG_COMPILER_APPICON_NAME = AppIcon;
				ASSETCATALOG_COMPILER_GLOBAL_ACCENT_COLOR_NAME = AccentColor;
				CODE_SIGN_STYLE = Automatic;
				CURRENT_PROJECT_VERSION = 1;
				GENERATE_INFOPLIST_FILE = YES;
				INFOPLIST_FILE = CardWorkoutApp/Info.plist;
				INFOPLIST_KEY_UIApplicationSupportsIndirectInputEvents = YES;
				INFOPLIST_KEY_UILaunchStoryboardName = LaunchScreen;
				INFOPLIST_KEY_UIMainStoryboardFile = Main;
				INFOPLIST_KEY_UISupportedInterfaceOrientations_iPad = "UIInterfaceOrientationPortrait UIInterfaceOrientationPortraitUpsideDown UIInterfaceOrientationLandscapeLeft UIInterfaceOrientationLandscapeRight";
				INFOPLIST_KEY_UISupportedInterfaceOrientations_iPhone = "UIInterfaceOrientationPortrait UIInterfaceOrientationLandscapeLeft UIInterfaceOrientationLandscapeRight";
				LD_RUNPATH_SEARCH_PATHS = (
					"$(inherited)",
					"@executable_path/Frameworks",
				);
				MARKETING_VERSION = 1.0;
				PRODUCT_BUNDLE_IDENTIFIER = com.mycompany.CardWorkoutApp;
				PRODUCT_NAME = "$(TARGET_NAME)";
				SWIFT_EMIT_LOC_STRINGS = YES;
				SWIFT_VERSION = 5.0;
				TARGETED_DEVICE_FAMILY = "1,2";
			};
			name = Release;
		};
		18BF728A297AC0E0007800EA /* Debug */ = {
			isa = XCBuildConfiguration;
			buildSettings = {
				ALWAYS_EMBED_SWIFT_STANDARD_LIBRARIES = YES;
				BUNDLE_LOADER = "$(TEST_HOST)";
				CODE_SIGN_STYLE = Automatic;
				CURRENT_PROJECT_VERSION = 1;
				GENERATE_INFOPLIST_FILE = YES;
				IPHONEOS_DEPLOYMENT_TARGET = 16.1;
				MARKETING_VERSION = 1.0;
				PRODUCT_BUNDLE_IDENTIFIER = com.mycompany.CardWorkoutAppTests;
				PRODUCT_NAME = "$(TARGET_NAME)";
				SWIFT_EMIT_LOC_STRINGS = NO;
				SWIFT_VERSION = 5.0;
				TARGETED_DEVICE_FAMILY = "1,2";
				TEST_HOST = "$(BUILT_PRODUCTS_DIR)/CardWorkoutApp.app/$(BUNDLE_EXECUTABLE_FOLDER_PATH)/CardWorkoutApp";
			};
			name = Debug;
		};
		18BF728B297AC0E0007800EA /* Release */ = {
			isa = XCBuildConfiguration;
			buildSettings = {
				ALWAYS_EMBED_SWIFT_STANDARD_LIBRARIES = YES;
				BUNDLE_LOADER = "$(TEST_HOST)";
				CODE_SIGN_STYLE = Automatic;
				CURRENT_PROJECT_VERSION = 1;
				GENERATE_INFOPLIST_FILE = YES;
				IPHONEOS_DEPLOYMENT_TARGET = 16.1;
				MARKETING_VERSION = 1.0;
				PRODUCT_BUNDLE_IDENTIFIER = com.mycompany.CardWorkoutAppTests;
				PRODUCT_NAME = "$(TARGET_NAME)";
				SWIFT_EMIT_LOC_STRINGS = NO;
				SWIFT_VERSION = 5.0;
				TARGETED_DEVICE_FAMILY = "1,2";
				TEST_HOST = "$(BUILT_PRODUCTS_DIR)/CardWorkoutApp.app/$(BUNDLE_EXECUTABLE_FOLDER_PATH)/CardWorkoutApp";
			};
			name = Release;
		};
		18BF728D297AC0E0007800EA /* Debug */ = {
			isa = XCBuildConfiguration;
			buildSettings = {
				ALWAYS_EMBED_SWIFT_STANDARD_LIBRARIES = YES;
				CODE_SIGN_STYLE = Automatic;
				CURRENT_PROJECT_VERSION = 1;
				GENERATE_INFOPLIST_FILE = YES;
				MARKETING_VERSION = 1.0;
				PRODUCT_BUNDLE_IDENTIFIER = com.mycompany.CardWorkoutAppUITests;
				PRODUCT_NAME = "$(TARGET_NAME)";
				SWIFT_EMIT_LOC_STRINGS = NO;
				SWIFT_VERSION = 5.0;
				TARGETED_DEVICE_FAMILY = "1,2";
				TEST_TARGET_NAME = CardWorkoutApp;
			};
			name = Debug;
		};
		18BF728E297AC0E0007800EA /* Release */ = {
			isa = XCBuildConfiguration;
			buildSettings = {
				ALWAYS_EMBED_SWIFT_STANDARD_LIBRARIES = YES;
				CODE_SIGN_STYLE = Automatic;
				CURRENT_PROJECT_VERSION = 1;
				GENERATE_INFOPLIST_FILE = YES;
				MARKETING_VERSION = 1.0;
				PRODUCT_BUNDLE_IDENTIFIER = com.mycompany.CardWorkoutAppUITests;
				PRODUCT_NAME = "$(TARGET_NAME)";
				SWIFT_EMIT_LOC_STRINGS = NO;
				SWIFT_VERSION = 5.0;
				TARGETED_DEVICE_FAMILY = "1,2";
				TEST_TARGET_NAME = CardWorkoutApp;
			};
			name = Release;
		};
/* End XCBuildConfiguration section */

/* Begin XCConfigurationList section */
		18BF7257297AC0DF007800EA /* Build configuration list for PBXProject "CardWorkoutApp" */ = {
			isa = XCConfigurationList;
			buildConfigurations = (
				18BF7284297AC0E0007800EA /* Debug */,
				18BF7285297AC0E0007800EA /* Release */,
			);
			defaultConfigurationIsVisible = 0;
			defaultConfigurationName = Release;
		};
		18BF7286297AC0E0007800EA /* Build configuration list for PBXNativeTarget "CardWorkoutApp" */ = {
			isa = XCConfigurationList;
			buildConfigurations = (
				18BF7287297AC0E0007800EA /* Debug */,
				18BF7288297AC0E0007800EA /* Release */,
			);
			defaultConfigurationIsVisible = 0;
			defaultConfigurationName = Release;
		};
		18BF7289297AC0E0007800EA /* Build configuration list for PBXNativeTarget "CardWorkoutAppTests" */ = {
			isa = XCConfigurationList;
			buildConfigurations = (
				18BF728A297AC0E0007800EA /* Debug */,
				18BF728B297AC0E0007800EA /* Release */,
			);
			defaultConfigurationIsVisible = 0;
			defaultConfigurationName = Release;
		};
		18BF728C297AC0E0007800EA /* Build configuration list for PBXNativeTarget "CardWorkoutAppUITests" */ = {
			isa = XCConfigurationList;
			buildConfigurations = (
				18BF728D297AC0E0007800EA /* Debug */,
				18BF728E297AC0E0007800EA /* Release */,
			);
			defaultConfigurationIsVisible = 0;
			defaultConfigurationName = Release;
		};
/* End XCConfigurationList section */
	};
	rootObject = 18BF7254297AC0DF007800EA /* Project object */;
}
